// !$*UTF8*$!
{
	archiveVersion = 1;
	classes = {
	};
	objectVersion = 55;
	objects = {

/* Begin PBXBuildFile section */
		CFC2A0BC26D8ED7600DBAB8D /* LearningSwiftAsyncAwaitApp.swift in Sources */ = {isa = PBXBuildFile; fileRef = CFC2A0BB26D8ED7600DBAB8D /* LearningSwiftAsyncAwaitApp.swift */; };
		CFC2A0BE26D8ED7600DBAB8D /* ContentView.swift in Sources */ = {isa = PBXBuildFile; fileRef = CFC2A0BD26D8ED7600DBAB8D /* ContentView.swift */; };
		CFC2A0C026D8ED7700DBAB8D /* Assets.xcassets in Resources */ = {isa = PBXBuildFile; fileRef = CFC2A0BF26D8ED7700DBAB8D /* Assets.xcassets */; };
		CFC2A0C326D8ED7700DBAB8D /* Preview Assets.xcassets in Resources */ = {isa = PBXBuildFile; fileRef = CFC2A0C226D8ED7700DBAB8D /* Preview Assets.xcassets */; };
		CFC2A0C526D8ED7700DBAB8D /* Persistence.swift in Sources */ = {isa = PBXBuildFile; fileRef = CFC2A0C426D8ED7700DBAB8D /* Persistence.swift */; };
		CFC2A0C826D8ED7700DBAB8D /* LearningSwiftAsyncAwait.xcdatamodeld in Sources */ = {isa = PBXBuildFile; fileRef = CFC2A0C626D8ED7700DBAB8D /* LearningSwiftAsyncAwait.xcdatamodeld */; };
		CFC2A0D226D8ED7700DBAB8D /* LearningSwiftAsyncAwaitTests.swift in Sources */ = {isa = PBXBuildFile; fileRef = CFC2A0D126D8ED7700DBAB8D /* LearningSwiftAsyncAwaitTests.swift */; };
		CFC2A0DC26D8ED7700DBAB8D /* LearningSwiftAsyncAwaitUITests.swift in Sources */ = {isa = PBXBuildFile; fileRef = CFC2A0DB26D8ED7700DBAB8D /* LearningSwiftAsyncAwaitUITests.swift */; };
		CFC2A0DE26D8ED7700DBAB8D /* LearningSwiftAsyncAwaitUITestsLaunchTests.swift in Sources */ = {isa = PBXBuildFile; fileRef = CFC2A0DD26D8ED7700DBAB8D /* LearningSwiftAsyncAwaitUITestsLaunchTests.swift */; };
		CFC2A0ED26D8F1C300DBAB8D /* LaunchAPI.swift in Sources */ = {isa = PBXBuildFile; fileRef = CFC2A0EC26D8F1C300DBAB8D /* LaunchAPI.swift */; };
/* End PBXBuildFile section */

/* Begin PBXContainerItemProxy section */
		CFC2A0CE26D8ED7700DBAB8D /* PBXContainerItemProxy */ = {
			isa = PBXContainerItemProxy;
			containerPortal = CFC2A0B026D8ED7600DBAB8D /* Project object */;
			proxyType = 1;
			remoteGlobalIDString = CFC2A0B726D8ED7600DBAB8D;
			remoteInfo = LearningSwiftAsyncAwait;
		};
		CFC2A0D826D8ED7700DBAB8D /* PBXContainerItemProxy */ = {
			isa = PBXContainerItemProxy;
			containerPortal = CFC2A0B026D8ED7600DBAB8D /* Project object */;
			proxyType = 1;
			remoteGlobalIDString = CFC2A0B726D8ED7600DBAB8D;
			remoteInfo = LearningSwiftAsyncAwait;
		};
/* End PBXContainerItemProxy section */

/* Begin PBXFileReference section */
		CFC2A0B826D8ED7600DBAB8D /* LearningSwiftAsyncAwait.app */ = {isa = PBXFileReference; explicitFileType = wrapper.application; includeInIndex = 0; path = LearningSwiftAsyncAwait.app; sourceTree = BUILT_PRODUCTS_DIR; };
		CFC2A0BB26D8ED7600DBAB8D /* LearningSwiftAsyncAwaitApp.swift */ = {isa = PBXFileReference; lastKnownFileType = sourcecode.swift; path = LearningSwiftAsyncAwaitApp.swift; sourceTree = "<group>"; };
		CFC2A0BD26D8ED7600DBAB8D /* ContentView.swift */ = {isa = PBXFileReference; lastKnownFileType = sourcecode.swift; path = ContentView.swift; sourceTree = "<group>"; };
		CFC2A0BF26D8ED7700DBAB8D /* Assets.xcassets */ = {isa = PBXFileReference; lastKnownFileType = folder.assetcatalog; path = Assets.xcassets; sourceTree = "<group>"; };
		CFC2A0C226D8ED7700DBAB8D /* Preview Assets.xcassets */ = {isa = PBXFileReference; lastKnownFileType = folder.assetcatalog; path = "Preview Assets.xcassets"; sourceTree = "<group>"; };
		CFC2A0C426D8ED7700DBAB8D /* Persistence.swift */ = {isa = PBXFileReference; lastKnownFileType = sourcecode.swift; path = Persistence.swift; sourceTree = "<group>"; };
		CFC2A0C726D8ED7700DBAB8D /* LearningSwiftAsyncAwait.xcdatamodel */ = {isa = PBXFileReference; lastKnownFileType = wrapper.xcdatamodel; path = LearningSwiftAsyncAwait.xcdatamodel; sourceTree = "<group>"; };
		CFC2A0CD26D8ED7700DBAB8D /* LearningSwiftAsyncAwaitTests.xctest */ = {isa = PBXFileReference; explicitFileType = wrapper.cfbundle; includeInIndex = 0; path = LearningSwiftAsyncAwaitTests.xctest; sourceTree = BUILT_PRODUCTS_DIR; };
		CFC2A0D126D8ED7700DBAB8D /* LearningSwiftAsyncAwaitTests.swift */ = {isa = PBXFileReference; lastKnownFileType = sourcecode.swift; path = LearningSwiftAsyncAwaitTests.swift; sourceTree = "<group>"; };
		CFC2A0D726D8ED7700DBAB8D /* LearningSwiftAsyncAwaitUITests.xctest */ = {isa = PBXFileReference; explicitFileType = wrapper.cfbundle; includeInIndex = 0; path = LearningSwiftAsyncAwaitUITests.xctest; sourceTree = BUILT_PRODUCTS_DIR; };
		CFC2A0DB26D8ED7700DBAB8D /* LearningSwiftAsyncAwaitUITests.swift */ = {isa = PBXFileReference; lastKnownFileType = sourcecode.swift; path = LearningSwiftAsyncAwaitUITests.swift; sourceTree = "<group>"; };
		CFC2A0DD26D8ED7700DBAB8D /* LearningSwiftAsyncAwaitUITestsLaunchTests.swift */ = {isa = PBXFileReference; lastKnownFileType = sourcecode.swift; path = LearningSwiftAsyncAwaitUITestsLaunchTests.swift; sourceTree = "<group>"; };
		CFC2A0EC26D8F1C300DBAB8D /* LaunchAPI.swift */ = {isa = PBXFileReference; lastKnownFileType = sourcecode.swift; path = LaunchAPI.swift; sourceTree = "<group>"; };
/* End PBXFileReference section */

/* Begin PBXFrameworksBuildPhase section */
		CFC2A0B526D8ED7600DBAB8D /* Frameworks */ = {
			isa = PBXFrameworksBuildPhase;
			buildActionMask = 2147483647;
			files = (
			);
			runOnlyForDeploymentPostprocessing = 0;
		};
		CFC2A0CA26D8ED7700DBAB8D /* Frameworks */ = {
			isa = PBXFrameworksBuildPhase;
			buildActionMask = 2147483647;
			files = (
			);
			runOnlyForDeploymentPostprocessing = 0;
		};
		CFC2A0D426D8ED7700DBAB8D /* Frameworks */ = {
			isa = PBXFrameworksBuildPhase;
			buildActionMask = 2147483647;
			files = (
			);
			runOnlyForDeploymentPostprocessing = 0;
		};
/* End PBXFrameworksBuildPhase section */

/* Begin PBXGroup section */
		CFC2A0AF26D8ED7600DBAB8D = {
			isa = PBXGroup;
			children = (
				CFC2A0BA26D8ED7600DBAB8D /* LearningSwiftAsyncAwait */,
				CFC2A0D026D8ED7700DBAB8D /* LearningSwiftAsyncAwaitTests */,
				CFC2A0DA26D8ED7700DBAB8D /* LearningSwiftAsyncAwaitUITests */,
				CFC2A0B926D8ED7600DBAB8D /* Products */,
			);
			sourceTree = "<group>";
		};
		CFC2A0B926D8ED7600DBAB8D /* Products */ = {
			isa = PBXGroup;
			children = (
				CFC2A0B826D8ED7600DBAB8D /* LearningSwiftAsyncAwait.app */,
				CFC2A0CD26D8ED7700DBAB8D /* LearningSwiftAsyncAwaitTests.xctest */,
				CFC2A0D726D8ED7700DBAB8D /* LearningSwiftAsyncAwaitUITests.xctest */,
			);
			name = Products;
			sourceTree = "<group>";
		};
		CFC2A0BA26D8ED7600DBAB8D /* LearningSwiftAsyncAwait */ = {
			isa = PBXGroup;
			children = (
				CFC2A0EA26D8F0B800DBAB8D /* API */,
				CFC2A0BB26D8ED7600DBAB8D /* LearningSwiftAsyncAwaitApp.swift */,
				CFC2A0BD26D8ED7600DBAB8D /* ContentView.swift */,
				CFC2A0BF26D8ED7700DBAB8D /* Assets.xcassets */,
				CFC2A0C426D8ED7700DBAB8D /* Persistence.swift */,
				CFC2A0C626D8ED7700DBAB8D /* LearningSwiftAsyncAwait.xcdatamodeld */,
				CFC2A0C126D8ED7700DBAB8D /* Preview Content */,
			);
			path = LearningSwiftAsyncAwait;
			sourceTree = "<group>";
		};
		CFC2A0C126D8ED7700DBAB8D /* Preview Content */ = {
			isa = PBXGroup;
			children = (
				CFC2A0C226D8ED7700DBAB8D /* Preview Assets.xcassets */,
			);
			path = "Preview Content";
			sourceTree = "<group>";
		};
		CFC2A0D026D8ED7700DBAB8D /* LearningSwiftAsyncAwaitTests */ = {
			isa = PBXGroup;
			children = (
				CFC2A0D126D8ED7700DBAB8D /* LearningSwiftAsyncAwaitTests.swift */,
			);
			path = LearningSwiftAsyncAwaitTests;
			sourceTree = "<group>";
		};
		CFC2A0DA26D8ED7700DBAB8D /* LearningSwiftAsyncAwaitUITests */ = {
			isa = PBXGroup;
			children = (
				CFC2A0DB26D8ED7700DBAB8D /* LearningSwiftAsyncAwaitUITests.swift */,
				CFC2A0DD26D8ED7700DBAB8D /* LearningSwiftAsyncAwaitUITestsLaunchTests.swift */,
			);
			path = LearningSwiftAsyncAwaitUITests;
			sourceTree = "<group>";
		};
		CFC2A0EA26D8F0B800DBAB8D /* API */ = {
			isa = PBXGroup;
			children = (
				CFC2A0EB26D8F0E000DBAB8D /* Models */,
				CFC2A0EC26D8F1C300DBAB8D /* LaunchAPI.swift */,
			);
			path = API;
			sourceTree = "<group>";
		};
		CFC2A0EB26D8F0E000DBAB8D /* Models */ = {
			isa = PBXGroup;
			children = (
			);
			path = Models;
			sourceTree = "<group>";
		};
/* End PBXGroup section */

/* Begin PBXNativeTarget section */
		CFC2A0B726D8ED7600DBAB8D /* LearningSwiftAsyncAwait */ = {
			isa = PBXNativeTarget;
			buildConfigurationList = CFC2A0E126D8ED7700DBAB8D /* Build configuration list for PBXNativeTarget "LearningSwiftAsyncAwait" */;
			buildPhases = (
				CFC2A0B426D8ED7600DBAB8D /* Sources */,
				CFC2A0B526D8ED7600DBAB8D /* Frameworks */,
				CFC2A0B626D8ED7600DBAB8D /* Resources */,
			);
			buildRules = (
			);
			dependencies = (
			);
			name = LearningSwiftAsyncAwait;
			productName = LearningSwiftAsyncAwait;
			productReference = CFC2A0B826D8ED7600DBAB8D /* LearningSwiftAsyncAwait.app */;
			productType = "com.apple.product-type.application";
		};
		CFC2A0CC26D8ED7700DBAB8D /* LearningSwiftAsyncAwaitTests */ = {
			isa = PBXNativeTarget;
			buildConfigurationList = CFC2A0E426D8ED7700DBAB8D /* Build configuration list for PBXNativeTarget "LearningSwiftAsyncAwaitTests" */;
			buildPhases = (
				CFC2A0C926D8ED7700DBAB8D /* Sources */,
				CFC2A0CA26D8ED7700DBAB8D /* Frameworks */,
				CFC2A0CB26D8ED7700DBAB8D /* Resources */,
			);
			buildRules = (
			);
			dependencies = (
				CFC2A0CF26D8ED7700DBAB8D /* PBXTargetDependency */,
			);
			name = LearningSwiftAsyncAwaitTests;
			productName = LearningSwiftAsyncAwaitTests;
			productReference = CFC2A0CD26D8ED7700DBAB8D /* LearningSwiftAsyncAwaitTests.xctest */;
			productType = "com.apple.product-type.bundle.unit-test";
		};
		CFC2A0D626D8ED7700DBAB8D /* LearningSwiftAsyncAwaitUITests */ = {
			isa = PBXNativeTarget;
			buildConfigurationList = CFC2A0E726D8ED7700DBAB8D /* Build configuration list for PBXNativeTarget "LearningSwiftAsyncAwaitUITests" */;
			buildPhases = (
				CFC2A0D326D8ED7700DBAB8D /* Sources */,
				CFC2A0D426D8ED7700DBAB8D /* Frameworks */,
				CFC2A0D526D8ED7700DBAB8D /* Resources */,
			);
			buildRules = (
			);
			dependencies = (
				CFC2A0D926D8ED7700DBAB8D /* PBXTargetDependency */,
			);
			name = LearningSwiftAsyncAwaitUITests;
			productName = LearningSwiftAsyncAwaitUITests;
			productReference = CFC2A0D726D8ED7700DBAB8D /* LearningSwiftAsyncAwaitUITests.xctest */;
			productType = "com.apple.product-type.bundle.ui-testing";
		};
/* End PBXNativeTarget section */

/* Begin PBXProject section */
		CFC2A0B026D8ED7600DBAB8D /* Project object */ = {
			isa = PBXProject;
			attributes = {
				BuildIndependentTargetsInParallel = 1;
				LastSwiftUpdateCheck = 1300;
				LastUpgradeCheck = 1300;
				TargetAttributes = {
					CFC2A0B726D8ED7600DBAB8D = {
						CreatedOnToolsVersion = 13.0;
					};
					CFC2A0CC26D8ED7700DBAB8D = {
						CreatedOnToolsVersion = 13.0;
						TestTargetID = CFC2A0B726D8ED7600DBAB8D;
					};
					CFC2A0D626D8ED7700DBAB8D = {
						CreatedOnToolsVersion = 13.0;
						TestTargetID = CFC2A0B726D8ED7600DBAB8D;
					};
				};
			};
			buildConfigurationList = CFC2A0B326D8ED7600DBAB8D /* Build configuration list for PBXProject "LearningSwiftAsyncAwait" */;
			compatibilityVersion = "Xcode 13.0";
			developmentRegion = en;
			hasScannedForEncodings = 0;
			knownRegions = (
				en,
				Base,
			);
			mainGroup = CFC2A0AF26D8ED7600DBAB8D;
			productRefGroup = CFC2A0B926D8ED7600DBAB8D /* Products */;
			projectDirPath = "";
			projectRoot = "";
			targets = (
				CFC2A0B726D8ED7600DBAB8D /* LearningSwiftAsyncAwait */,
				CFC2A0CC26D8ED7700DBAB8D /* LearningSwiftAsyncAwaitTests */,
				CFC2A0D626D8ED7700DBAB8D /* LearningSwiftAsyncAwaitUITests */,
			);
		};
/* End PBXProject section */

/* Begin PBXResourcesBuildPhase section */
		CFC2A0B626D8ED7600DBAB8D /* Resources */ = {
			isa = PBXResourcesBuildPhase;
			buildActionMask = 2147483647;
			files = (
				CFC2A0C326D8ED7700DBAB8D /* Preview Assets.xcassets in Resources */,
				CFC2A0C026D8ED7700DBAB8D /* Assets.xcassets in Resources */,
			);
			runOnlyForDeploymentPostprocessing = 0;
		};
		CFC2A0CB26D8ED7700DBAB8D /* Resources */ = {
			isa = PBXResourcesBuildPhase;
			buildActionMask = 2147483647;
			files = (
			);
			runOnlyForDeploymentPostprocessing = 0;
		};
		CFC2A0D526D8ED7700DBAB8D /* Resources */ = {
			isa = PBXResourcesBuildPhase;
			buildActionMask = 2147483647;
			files = (
			);
			runOnlyForDeploymentPostprocessing = 0;
		};
/* End PBXResourcesBuildPhase section */

/* Begin PBXSourcesBuildPhase section */
		CFC2A0B426D8ED7600DBAB8D /* Sources */ = {
			isa = PBXSourcesBuildPhase;
			buildActionMask = 2147483647;
			files = (
				CFC2A0C526D8ED7700DBAB8D /* Persistence.swift in Sources */,
				CFC2A0ED26D8F1C300DBAB8D /* LaunchAPI.swift in Sources */,
				CFC2A0C826D8ED7700DBAB8D /* LearningSwiftAsyncAwait.xcdatamodeld in Sources */,
				CFC2A0BE26D8ED7600DBAB8D /* ContentView.swift in Sources */,
				CFC2A0BC26D8ED7600DBAB8D /* LearningSwiftAsyncAwaitApp.swift in Sources */,
			);
			runOnlyForDeploymentPostprocessing = 0;
		};
		CFC2A0C926D8ED7700DBAB8D /* Sources */ = {
			isa = PBXSourcesBuildPhase;
			buildActionMask = 2147483647;
			files = (
				CFC2A0D226D8ED7700DBAB8D /* LearningSwiftAsyncAwaitTests.swift in Sources */,
			);
			runOnlyForDeploymentPostprocessing = 0;
		};
		CFC2A0D326D8ED7700DBAB8D /* Sources */ = {
			isa = PBXSourcesBuildPhase;
			buildActionMask = 2147483647;
			files = (
				CFC2A0DE26D8ED7700DBAB8D /* LearningSwiftAsyncAwaitUITestsLaunchTests.swift in Sources */,
				CFC2A0DC26D8ED7700DBAB8D /* LearningSwiftAsyncAwaitUITests.swift in Sources */,
			);
			runOnlyForDeploymentPostprocessing = 0;
		};
/* End PBXSourcesBuildPhase section */

/* Begin PBXTargetDependency section */
		CFC2A0CF26D8ED7700DBAB8D /* PBXTargetDependency */ = {
			isa = PBXTargetDependency;
			target = CFC2A0B726D8ED7600DBAB8D /* LearningSwiftAsyncAwait */;
			targetProxy = CFC2A0CE26D8ED7700DBAB8D /* PBXContainerItemProxy */;
		};
		CFC2A0D926D8ED7700DBAB8D /* PBXTargetDependency */ = {
			isa = PBXTargetDependency;
			target = CFC2A0B726D8ED7600DBAB8D /* LearningSwiftAsyncAwait */;
			targetProxy = CFC2A0D826D8ED7700DBAB8D /* PBXContainerItemProxy */;
		};
/* End PBXTargetDependency section */

/* Begin XCBuildConfiguration section */
		CFC2A0DF26D8ED7700DBAB8D /* Debug */ = {
			isa = XCBuildConfiguration;
			buildSettings = {
				ALWAYS_SEARCH_USER_PATHS = NO;
				CLANG_ANALYZER_NONNULL = YES;
				CLANG_ANALYZER_NUMBER_OBJECT_CONVERSION = YES_AGGRESSIVE;
				CLANG_CXX_LANGUAGE_STANDARD = "gnu++17";
				CLANG_CXX_LIBRARY = "libc++";
				CLANG_ENABLE_MODULES = YES;
				CLANG_ENABLE_OBJC_ARC = YES;
				CLANG_ENABLE_OBJC_WEAK = YES;
				CLANG_WARN_BLOCK_CAPTURE_AUTORELEASING = YES;
				CLANG_WARN_BOOL_CONVERSION = YES;
				CLANG_WARN_COMMA = YES;
				CLANG_WARN_CONSTANT_CONVERSION = YES;
				CLANG_WARN_DEPRECATED_OBJC_IMPLEMENTATIONS = YES;
				CLANG_WARN_DIRECT_OBJC_ISA_USAGE = YES_ERROR;
				CLANG_WARN_DOCUMENTATION_COMMENTS = YES;
				CLANG_WARN_EMPTY_BODY = YES;
				CLANG_WARN_ENUM_CONVERSION = YES;
				CLANG_WARN_INFINITE_RECURSION = YES;
				CLANG_WARN_INT_CONVERSION = YES;
				CLANG_WARN_NON_LITERAL_NULL_CONVERSION = YES;
				CLANG_WARN_OBJC_IMPLICIT_RETAIN_SELF = YES;
				CLANG_WARN_OBJC_LITERAL_CONVERSION = YES;
				CLANG_WARN_OBJC_ROOT_CLASS = YES_ERROR;
				CLANG_WARN_QUOTED_INCLUDE_IN_FRAMEWORK_HEADER = YES;
				CLANG_WARN_RANGE_LOOP_ANALYSIS = YES;
				CLANG_WARN_STRICT_PROTOTYPES = YES;
				CLANG_WARN_SUSPICIOUS_MOVE = YES;
				CLANG_WARN_UNGUARDED_AVAILABILITY = YES_AGGRESSIVE;
				CLANG_WARN_UNREACHABLE_CODE = YES;
				CLANG_WARN__DUPLICATE_METHOD_MATCH = YES;
				COPY_PHASE_STRIP = NO;
				DEBUG_INFORMATION_FORMAT = dwarf;
				ENABLE_STRICT_OBJC_MSGSEND = YES;
				ENABLE_TESTABILITY = YES;
				GCC_C_LANGUAGE_STANDARD = gnu11;
				GCC_DYNAMIC_NO_PIC = NO;
				GCC_NO_COMMON_BLOCKS = YES;
				GCC_OPTIMIZATION_LEVEL = 0;
				GCC_PREPROCESSOR_DEFINITIONS = (
					"DEBUG=1",
					"$(inherited)",
				);
				GCC_WARN_64_TO_32_BIT_CONVERSION = YES;
				GCC_WARN_ABOUT_RETURN_TYPE = YES_ERROR;
				GCC_WARN_UNDECLARED_SELECTOR = YES;
				GCC_WARN_UNINITIALIZED_AUTOS = YES_AGGRESSIVE;
				GCC_WARN_UNUSED_FUNCTION = YES;
				GCC_WARN_UNUSED_VARIABLE = YES;
				IPHONEOS_DEPLOYMENT_TARGET = 14.0;
				MTL_ENABLE_DEBUG_INFO = INCLUDE_SOURCE;
				MTL_FAST_MATH = YES;
				ONLY_ACTIVE_ARCH = YES;
				SDKROOT = iphoneos;
				SWIFT_ACTIVE_COMPILATION_CONDITIONS = DEBUG;
				SWIFT_OPTIMIZATION_LEVEL = "-Onone";
			};
			name = Debug;
		};
		CFC2A0E026D8ED7700DBAB8D /* Release */ = {
			isa = XCBuildConfiguration;
			buildSettings = {
				ALWAYS_SEARCH_USER_PATHS = NO;
				CLANG_ANALYZER_NONNULL = YES;
				CLANG_ANALYZER_NUMBER_OBJECT_CONVERSION = YES_AGGRESSIVE;
				CLANG_CXX_LANGUAGE_STANDARD = "gnu++17";
				CLANG_CXX_LIBRARY = "libc++";
				CLANG_ENABLE_MODULES = YES;
				CLANG_ENABLE_OBJC_ARC = YES;
				CLANG_ENABLE_OBJC_WEAK = YES;
				CLANG_WARN_BLOCK_CAPTURE_AUTORELEASING = YES;
				CLANG_WARN_BOOL_CONVERSION = YES;
				CLANG_WARN_COMMA = YES;
				CLANG_WARN_CONSTANT_CONVERSION = YES;
				CLANG_WARN_DEPRECATED_OBJC_IMPLEMENTATIONS = YES;
				CLANG_WARN_DIRECT_OBJC_ISA_USAGE = YES_ERROR;
				CLANG_WARN_DOCUMENTATION_COMMENTS = YES;
				CLANG_WARN_EMPTY_BODY = YES;
				CLANG_WARN_ENUM_CONVERSION = YES;
				CLANG_WARN_INFINITE_RECURSION = YES;
				CLANG_WARN_INT_CONVERSION = YES;
				CLANG_WARN_NON_LITERAL_NULL_CONVERSION = YES;
				CLANG_WARN_OBJC_IMPLICIT_RETAIN_SELF = YES;
				CLANG_WARN_OBJC_LITERAL_CONVERSION = YES;
				CLANG_WARN_OBJC_ROOT_CLASS = YES_ERROR;
				CLANG_WARN_QUOTED_INCLUDE_IN_FRAMEWORK_HEADER = YES;
				CLANG_WARN_RANGE_LOOP_ANALYSIS = YES;
				CLANG_WARN_STRICT_PROTOTYPES = YES;
				CLANG_WARN_SUSPICIOUS_MOVE = YES;
				CLANG_WARN_UNGUARDED_AVAILABILITY = YES_AGGRESSIVE;
				CLANG_WARN_UNREACHABLE_CODE = YES;
				CLANG_WARN__DUPLICATE_METHOD_MATCH = YES;
				COPY_PHASE_STRIP = NO;
				DEBUG_INFORMATION_FORMAT = "dwarf-with-dsym";
				ENABLE_NS_ASSERTIONS = NO;
				ENABLE_STRICT_OBJC_MSGSEND = YES;
				GCC_C_LANGUAGE_STANDARD = gnu11;
				GCC_NO_COMMON_BLOCKS = YES;
				GCC_WARN_64_TO_32_BIT_CONVERSION = YES;
				GCC_WARN_ABOUT_RETURN_TYPE = YES_ERROR;
				GCC_WARN_UNDECLARED_SELECTOR = YES;
				GCC_WARN_UNINITIALIZED_AUTOS = YES_AGGRESSIVE;
				GCC_WARN_UNUSED_FUNCTION = YES;
				GCC_WARN_UNUSED_VARIABLE = YES;
				IPHONEOS_DEPLOYMENT_TARGET = 14.0;
				MTL_ENABLE_DEBUG_INFO = NO;
				MTL_FAST_MATH = YES;
				SDKROOT = iphoneos;
				SWIFT_COMPILATION_MODE = wholemodule;
				SWIFT_OPTIMIZATION_LEVEL = "-O";
				VALIDATE_PRODUCT = YES;
			};
			name = Release;
		};
		CFC2A0E226D8ED7700DBAB8D /* Debug */ = {
			isa = XCBuildConfiguration;
			buildSettings = {
				ASSETCATALOG_COMPILER_APPICON_NAME = AppIcon;
				ASSETCATALOG_COMPILER_GLOBAL_ACCENT_COLOR_NAME = AccentColor;
				CODE_SIGN_STYLE = Automatic;
				CURRENT_PROJECT_VERSION = 1;
				DEVELOPMENT_ASSET_PATHS = "\"LearningSwiftAsyncAwait/Preview Content\"";
				DEVELOPMENT_TEAM = QL7722X8XH;
				ENABLE_PREVIEWS = YES;
				GENERATE_INFOPLIST_FILE = YES;
				INFOPLIST_KEY_UIApplicationSceneManifest_Generation = YES;
				INFOPLIST_KEY_UIApplicationSupportsIndirectInputEvents = YES;
				INFOPLIST_KEY_UILaunchScreen_Generation = YES;
				INFOPLIST_KEY_UISupportedInterfaceOrientations_iPad = "UIInterfaceOrientationPortrait UIInterfaceOrientationPortraitUpsideDown UIInterfaceOrientationLandscapeLeft UIInterfaceOrientationLandscapeRight";
				INFOPLIST_KEY_UISupportedInterfaceOrientations_iPhone = "UIInterfaceOrientationPortrait UIInterfaceOrientationLandscapeLeft UIInterfaceOrientationLandscapeRight";
				IPHONEOS_DEPLOYMENT_TARGET = 14.0;
				LD_RUNPATH_SEARCH_PATHS = (
					"$(inherited)",
					"@executable_path/Frameworks",
				);
				MARKETING_VERSION = 1.0;
				PRODUCT_BUNDLE_IDENTIFIER = com.reimondhill.LearningSwiftAsyncAwait;
				PRODUCT_NAME = "$(TARGET_NAME)";
				SWIFT_EMIT_LOC_STRINGS = YES;
				SWIFT_VERSION = 5.0;
				TARGETED_DEVICE_FAMILY = "1,2";
			};
			name = Debug;
		};
		CFC2A0E326D8ED7700DBAB8D /* Release */ = {
			isa = XCBuildConfiguration;
			buildSettings = {
				ASSETCATALOG_COMPILER_APPICON_NAME = AppIcon;
				ASSETCATALOG_COMPILER_GLOBAL_ACCENT_COLOR_NAME = AccentColor;
				CODE_SIGN_STYLE = Automatic;
				CURRENT_PROJECT_VERSION = 1;
				DEVELOPMENT_ASSET_PATHS = "\"LearningSwiftAsyncAwait/Preview Content\"";
				DEVELOPMENT_TEAM = QL7722X8XH;
				ENABLE_PREVIEWS = YES;
				GENERATE_INFOPLIST_FILE = YES;
				INFOPLIST_KEY_UIApplicationSceneManifest_Generation = YES;
				INFOPLIST_KEY_UIApplicationSupportsIndirectInputEvents = YES;
				INFOPLIST_KEY_UILaunchScreen_Generation = YES;
				INFOPLIST_KEY_UISupportedInterfaceOrientations_iPad = "UIInterfaceOrientationPortrait UIInterfaceOrientationPortraitUpsideDown UIInterfaceOrientationLandscapeLeft UIInterfaceOrientationLandscapeRight";
				INFOPLIST_KEY_UISupportedInterfaceOrientations_iPhone = "UIInterfaceOrientationPortrait UIInterfaceOrientationLandscapeLeft UIInterfaceOrientationLandscapeRight";
				IPHONEOS_DEPLOYMENT_TARGET = 14.0;
				LD_RUNPATH_SEARCH_PATHS = (
					"$(inherited)",
					"@executable_path/Frameworks",
				);
				MARKETING_VERSION = 1.0;
				PRODUCT_BUNDLE_IDENTIFIER = com.reimondhill.LearningSwiftAsyncAwait;
				PRODUCT_NAME = "$(TARGET_NAME)";
				SWIFT_EMIT_LOC_STRINGS = YES;
				SWIFT_VERSION = 5.0;
				TARGETED_DEVICE_FAMILY = "1,2";
			};
			name = Release;
		};
		CFC2A0E526D8ED7700DBAB8D /* Debug */ = {
			isa = XCBuildConfiguration;
			buildSettings = {
				ALWAYS_EMBED_SWIFT_STANDARD_LIBRARIES = YES;
				BUNDLE_LOADER = "$(TEST_HOST)";
				CODE_SIGN_STYLE = Automatic;
				CURRENT_PROJECT_VERSION = 1;
				DEVELOPMENT_TEAM = QL7722X8XH;
				GENERATE_INFOPLIST_FILE = YES;
				IPHONEOS_DEPLOYMENT_TARGET = 14.0;
				LD_RUNPATH_SEARCH_PATHS = (
					"$(inherited)",
					"@executable_path/Frameworks",
					"@loader_path/Frameworks",
				);
				MARKETING_VERSION = 1.0;
				PRODUCT_BUNDLE_IDENTIFIER = com.reimondhill.LearningSwiftAsyncAwaitTests;
				PRODUCT_NAME = "$(TARGET_NAME)";
				SWIFT_EMIT_LOC_STRINGS = NO;
				SWIFT_VERSION = 5.0;
				TARGETED_DEVICE_FAMILY = "1,2";
				TEST_HOST = "$(BUILT_PRODUCTS_DIR)/LearningSwiftAsyncAwait.app/LearningSwiftAsyncAwait";
			};
			name = Debug;
		};
		CFC2A0E626D8ED7700DBAB8D /* Release */ = {
			isa = XCBuildConfiguration;
			buildSettings = {
				ALWAYS_EMBED_SWIFT_STANDARD_LIBRARIES = YES;
				BUNDLE_LOADER = "$(TEST_HOST)";
				CODE_SIGN_STYLE = Automatic;
				CURRENT_PROJECT_VERSION = 1;
				DEVELOPMENT_TEAM = QL7722X8XH;
				GENERATE_INFOPLIST_FILE = YES;
				IPHONEOS_DEPLOYMENT_TARGET = 14.0;
				LD_RUNPATH_SEARCH_PATHS = (
					"$(inherited)",
					"@executable_path/Frameworks",
					"@loader_path/Frameworks",
				);
				MARKETING_VERSION = 1.0;
				PRODUCT_BUNDLE_IDENTIFIER = com.reimondhill.LearningSwiftAsyncAwaitTests;
				PRODUCT_NAME = "$(TARGET_NAME)";
				SWIFT_EMIT_LOC_STRINGS = NO;
				SWIFT_VERSION = 5.0;
				TARGETED_DEVICE_FAMILY = "1,2";
				TEST_HOST = "$(BUILT_PRODUCTS_DIR)/LearningSwiftAsyncAwait.app/LearningSwiftAsyncAwait";
			};
			name = Release;
		};
		CFC2A0E826D8ED7700DBAB8D /* Debug */ = {
			isa = XCBuildConfiguration;
			buildSettings = {
				ALWAYS_EMBED_SWIFT_STANDARD_LIBRARIES = YES;
				CODE_SIGN_STYLE = Automatic;
				CURRENT_PROJECT_VERSION = 1;
				DEVELOPMENT_TEAM = QL7722X8XH;
				GENERATE_INFOPLIST_FILE = YES;
				LD_RUNPATH_SEARCH_PATHS = (
					"$(inherited)",
					"@executable_path/Frameworks",
					"@loader_path/Frameworks",
				);
				MARKETING_VERSION = 1.0;
				PRODUCT_BUNDLE_IDENTIFIER = com.reimondhill.LearningSwiftAsyncAwaitUITests;
				PRODUCT_NAME = "$(TARGET_NAME)";
				SWIFT_EMIT_LOC_STRINGS = NO;
				SWIFT_VERSION = 5.0;
				TARGETED_DEVICE_FAMILY = "1,2";
				TEST_TARGET_NAME = LearningSwiftAsyncAwait;
			};
			name = Debug;
		};
		CFC2A0E926D8ED7700DBAB8D /* Release */ = {
			isa = XCBuildConfiguration;
			buildSettings = {
				ALWAYS_EMBED_SWIFT_STANDARD_LIBRARIES = YES;
				CODE_SIGN_STYLE = Automatic;
				CURRENT_PROJECT_VERSION = 1;
				DEVELOPMENT_TEAM = QL7722X8XH;
				GENERATE_INFOPLIST_FILE = YES;
				LD_RUNPATH_SEARCH_PATHS = (
					"$(inherited)",
					"@executable_path/Frameworks",
					"@loader_path/Frameworks",
				);
				MARKETING_VERSION = 1.0;
				PRODUCT_BUNDLE_IDENTIFIER = com.reimondhill.LearningSwiftAsyncAwaitUITests;
				PRODUCT_NAME = "$(TARGET_NAME)";
				SWIFT_EMIT_LOC_STRINGS = NO;
				SWIFT_VERSION = 5.0;
				TARGETED_DEVICE_FAMILY = "1,2";
				TEST_TARGET_NAME = LearningSwiftAsyncAwait;
			};
			name = Release;
		};
/* End XCBuildConfiguration section */

/* Begin XCConfigurationList section */
		CFC2A0B326D8ED7600DBAB8D /* Build configuration list for PBXProject "LearningSwiftAsyncAwait" */ = {
			isa = XCConfigurationList;
			buildConfigurations = (
				CFC2A0DF26D8ED7700DBAB8D /* Debug */,
				CFC2A0E026D8ED7700DBAB8D /* Release */,
			);
			defaultConfigurationIsVisible = 0;
			defaultConfigurationName = Release;
		};
		CFC2A0E126D8ED7700DBAB8D /* Build configuration list for PBXNativeTarget "LearningSwiftAsyncAwait" */ = {
			isa = XCConfigurationList;
			buildConfigurations = (
				CFC2A0E226D8ED7700DBAB8D /* Debug */,
				CFC2A0E326D8ED7700DBAB8D /* Release */,
			);
			defaultConfigurationIsVisible = 0;
			defaultConfigurationName = Release;
		};
		CFC2A0E426D8ED7700DBAB8D /* Build configuration list for PBXNativeTarget "LearningSwiftAsyncAwaitTests" */ = {
			isa = XCConfigurationList;
			buildConfigurations = (
				CFC2A0E526D8ED7700DBAB8D /* Debug */,
				CFC2A0E626D8ED7700DBAB8D /* Release */,
			);
			defaultConfigurationIsVisible = 0;
			defaultConfigurationName = Release;
		};
		CFC2A0E726D8ED7700DBAB8D /* Build configuration list for PBXNativeTarget "LearningSwiftAsyncAwaitUITests" */ = {
			isa = XCConfigurationList;
			buildConfigurations = (
				CFC2A0E826D8ED7700DBAB8D /* Debug */,
				CFC2A0E926D8ED7700DBAB8D /* Release */,
			);
			defaultConfigurationIsVisible = 0;
			defaultConfigurationName = Release;
		};
/* End XCConfigurationList section */

/* Begin XCVersionGroup section */
		CFC2A0C626D8ED7700DBAB8D /* LearningSwiftAsyncAwait.xcdatamodeld */ = {
			isa = XCVersionGroup;
			children = (
				CFC2A0C726D8ED7700DBAB8D /* LearningSwiftAsyncAwait.xcdatamodel */,
			);
			currentVersion = CFC2A0C726D8ED7700DBAB8D /* LearningSwiftAsyncAwait.xcdatamodel */;
			path = LearningSwiftAsyncAwait.xcdatamodeld;
			sourceTree = "<group>";
			versionGroupType = wrapper.xcdatamodel;
		};
/* End XCVersionGroup section */
	};
	rootObject = CFC2A0B026D8ED7600DBAB8D /* Project object */;
}
